// !$*UTF8*$!
{
	archiveVersion = 1;
	classes = {
	};
	objectVersion = 46;
	objects = {

/* Begin PBXBuildFile section */
		6F72DAB31907102300047A88 /* Localizable.strings in Resources */ = {isa = PBXBuildFile; fileRef = 6F72DAB11907102300047A88 /* Localizable.strings */; };
		6F72DABD1907102300047A88 /* Images.xcassets in Resources */ = {isa = PBXBuildFile; fileRef = 6F72DABC1907102300047A88 /* Images.xcassets */; };
		6FE46E52191C4EDB004BCB45 /* Main.storyboard in Resources */ = {isa = PBXBuildFile; fileRef = 6FE46E50191C4EDB004BCB45 /* Main.storyboard */; };
		D7588B5A1F0BD2D100250C17 /* AppDelegate.swift in Sources */ = {isa = PBXBuildFile; fileRef = D7588B591F0BD2D100250C17 /* AppDelegate.swift */; };
		D7588B5D1F0BD30A00250C17 /* BracketStripesCapturePreviewView.swift in Sources */ = {isa = PBXBuildFile; fileRef = D7588B5B1F0BD30A00250C17 /* BracketStripesCapturePreviewView.swift */; };
		D7588B5E1F0BD30A00250C17 /* BracketStripesZoomImageView.swift in Sources */ = {isa = PBXBuildFile; fileRef = D7588B5C1F0BD30A00250C17 /* BracketStripesZoomImageView.swift */; };
		D7588B611F0BD33400250C17 /* BracketStripesCameraViewController.swift in Sources */ = {isa = PBXBuildFile; fileRef = D7588B5F1F0BD33400250C17 /* BracketStripesCameraViewController.swift */; };
		D7588B621F0BD33400250C17 /* BracketStripesImageViewController.swift in Sources */ = {isa = PBXBuildFile; fileRef = D7588B601F0BD33400250C17 /* BracketStripesImageViewController.swift */; };
		D7588B651F0BD35A00250C17 /* StripedImage.swift in Sources */ = {isa = PBXBuildFile; fileRef = D7588B631F0BD35A00250C17 /* StripedImage.swift */; };
		D7588B661F0BD35A00250C17 /* Functions.swift in Sources */ = {isa = PBXBuildFile; fileRef = D7588B641F0BD35A00250C17 /* Functions.swift */; };
		D7588B6D1F0BDEF100250C17 /* Launch Screen.storyboard in Resources */ = {isa = PBXBuildFile; fileRef = D7588B6B1F0BDEF100250C17 /* Launch Screen.storyboard */; };
/* End PBXBuildFile section */

/* Begin PBXFileReference section */
		6F72DAAC1907102300047A88 /* BracketStripes.app */ = {isa = PBXFileReference; explicitFileType = wrapper.application; includeInIndex = 0; path = BracketStripes.app; sourceTree = BUILT_PRODUCTS_DIR; };
		6F72DAB01907102300047A88 /* BracketStripes-Info.plist */ = {isa = PBXFileReference; lastKnownFileType = text.plist.xml; path = "BracketStripes-Info.plist"; sourceTree = "<group>"; };
		6F72DAB21907102300047A88 /* en */ = {isa = PBXFileReference; lastKnownFileType = text.plist.strings; name = en; path = en.lproj/Localizable.strings; sourceTree = "<group>"; };
		6F72DABC1907102300047A88 /* Images.xcassets */ = {isa = PBXFileReference; lastKnownFileType = folder.assetcatalog; path = Images.xcassets; sourceTree = "<group>"; };
		6FAD1D2C19369FBE0082987A /* README.md */ = {isa = PBXFileReference; fileEncoding = 4; lastKnownFileType = net.daringfireball.markdown; path = README.md; sourceTree = "<group>"; };
		6FE46E53191C4EE3004BCB45 /* Base */ = {isa = PBXFileReference; lastKnownFileType = file.storyboard; name = Base; path = Base.lproj/Main.storyboard; sourceTree = "<group>"; };
		6FE46E58191C4F7A004BCB45 /* en */ = {isa = PBXFileReference; lastKnownFileType = text.plist.strings; name = en; path = en.lproj/Main.strings; sourceTree = "<group>"; };
		D7588B591F0BD2D100250C17 /* AppDelegate.swift */ = {isa = PBXFileReference; fileEncoding = 4; lastKnownFileType = sourcecode.swift; path = AppDelegate.swift; sourceTree = "<group>"; };
		D7588B5B1F0BD30A00250C17 /* BracketStripesCapturePreviewView.swift */ = {isa = PBXFileReference; fileEncoding = 4; lastKnownFileType = sourcecode.swift; path = BracketStripesCapturePreviewView.swift; sourceTree = "<group>"; };
		D7588B5C1F0BD30A00250C17 /* BracketStripesZoomImageView.swift */ = {isa = PBXFileReference; fileEncoding = 4; lastKnownFileType = sourcecode.swift; path = BracketStripesZoomImageView.swift; sourceTree = "<group>"; };
		D7588B5F1F0BD33400250C17 /* BracketStripesCameraViewController.swift */ = {isa = PBXFileReference; fileEncoding = 4; lastKnownFileType = sourcecode.swift; path = BracketStripesCameraViewController.swift; sourceTree = "<group>"; };
		D7588B601F0BD33400250C17 /* BracketStripesImageViewController.swift */ = {isa = PBXFileReference; fileEncoding = 4; lastKnownFileType = sourcecode.swift; path = BracketStripesImageViewController.swift; sourceTree = "<group>"; };
		D7588B631F0BD35A00250C17 /* StripedImage.swift */ = {isa = PBXFileReference; fileEncoding = 4; lastKnownFileType = sourcecode.swift; path = StripedImage.swift; sourceTree = "<group>"; };
		D7588B641F0BD35A00250C17 /* Functions.swift */ = {isa = PBXFileReference; fileEncoding = 4; lastKnownFileType = sourcecode.swift; path = Functions.swift; sourceTree = "<group>"; };
		D7588B671F0BD38500250C17 /* README2.md */ = {isa = PBXFileReference; fileEncoding = 4; lastKnownFileType = net.daringfireball.markdown; path = README2.md; sourceTree = "<group>"; };
		D7588B681F0BD38500250C17 /* LICENSE.txt */ = {isa = PBXFileReference; fileEncoding = 4; lastKnownFileType = text; path = LICENSE.txt; sourceTree = "<group>"; };
		D7588B6C1F0BDEF100250C17 /* Base */ = {isa = PBXFileReference; lastKnownFileType = file.storyboard; name = Base; path = "Base.lproj/Launch Screen.storyboard"; sourceTree = "<group>"; };
/* End PBXFileReference section */

/* Begin PBXFrameworksBuildPhase section */
		6F72DAA91907102300047A88 /* Frameworks */ = {
			isa = PBXFrameworksBuildPhase;
			buildActionMask = 2147483647;
			files = (
			);
			runOnlyForDeploymentPostprocessing = 0;
		};
/* End PBXFrameworksBuildPhase section */

/* Begin PBXGroup section */
		6F72DAA31907102300047A88 = {
			isa = PBXGroup;
			children = (
				D7588B681F0BD38500250C17 /* LICENSE.txt */,
				6FAD1D2C19369FBE0082987A /* README.md */,
				D7588B671F0BD38500250C17 /* README2.md */,
				6F72DAAE1907102300047A88 /* BracketStripes */,
				6F72DAAD1907102300047A88 /* Products */,
			);
			sourceTree = "<group>";
		};
		6F72DAAD1907102300047A88 /* Products */ = {
			isa = PBXGroup;
			children = (
				6F72DAAC1907102300047A88 /* BracketStripes.app */,
			);
			name = Products;
			sourceTree = "<group>";
		};
		6F72DAAE1907102300047A88 /* BracketStripes */ = {
			isa = PBXGroup;
			children = (
				D7588B591F0BD2D100250C17 /* AppDelegate.swift */,
				6FD74821190AD92A002C745F /* Camera */,
				6F9BE8C7190AE10400281BAF /* Utilities */,
				6F72DABC1907102300047A88 /* Images.xcassets */,
				6F72DAAF1907102300047A88 /* Supporting Files */,
			);
			path = BracketStripes;
			sourceTree = "<group>";
		};
		6F72DAAF1907102300047A88 /* Supporting Files */ = {
			isa = PBXGroup;
			children = (
				6F72DAB01907102300047A88 /* BracketStripes-Info.plist */,
				6FE46E4F191C4CC8004BCB45 /* en.lproj */,
			);
			name = "Supporting Files";
			sourceTree = "<group>";
		};
		6F9BE8C7190AE10400281BAF /* Utilities */ = {
			isa = PBXGroup;
			children = (
				D7588B631F0BD35A00250C17 /* StripedImage.swift */,
				D7588B641F0BD35A00250C17 /* Functions.swift */,
			);
			name = Utilities;
			sourceTree = "<group>";
		};
		6FD74821190AD92A002C745F /* Camera */ = {
			isa = PBXGroup;
			children = (
				6FD74825190AD97E002C745F /* Views */,
				6FE46E43191AFCE2004BCB45 /* Controllers */,
			);
			name = Camera;
			sourceTree = "<group>";
		};
		6FD74825190AD97E002C745F /* Views */ = {
			isa = PBXGroup;
			children = (
				D7588B5B1F0BD30A00250C17 /* BracketStripesCapturePreviewView.swift */,
				D7588B5C1F0BD30A00250C17 /* BracketStripesZoomImageView.swift */,
			);
			name = Views;
			sourceTree = "<group>";
		};
		6FE46E43191AFCE2004BCB45 /* Controllers */ = {
			isa = PBXGroup;
			children = (
				D7588B5F1F0BD33400250C17 /* BracketStripesCameraViewController.swift */,
				D7588B601F0BD33400250C17 /* BracketStripesImageViewController.swift */,
			);
			name = Controllers;
			sourceTree = "<group>";
		};
		6FE46E4F191C4CC8004BCB45 /* en.lproj */ = {
			isa = PBXGroup;
			children = (
				D7588B6B1F0BDEF100250C17 /* Launch Screen.storyboard */,
				6FE46E50191C4EDB004BCB45 /* Main.storyboard */,
				6F72DAB11907102300047A88 /* Localizable.strings */,
			);
			name = en.lproj;
			sourceTree = "<group>";
		};
/* End PBXGroup section */

/* Begin PBXNativeTarget section */
		6F72DAAB1907102300047A88 /* BracketStripes */ = {
			isa = PBXNativeTarget;
			buildConfigurationList = 6F72DACF1907102300047A88 /* Build configuration list for PBXNativeTarget "BracketStripes" */;
			buildPhases = (
				6F72DAA81907102300047A88 /* Sources */,
				6F72DAA91907102300047A88 /* Frameworks */,
				6F72DAAA1907102300047A88 /* Resources */,
			);
			buildRules = (
			);
			dependencies = (
			);
			name = BracketStripes;
			productName = BracketStripes;
			productReference = 6F72DAAC1907102300047A88 /* BracketStripes.app */;
			productType = "com.apple.product-type.application";
		};
/* End PBXNativeTarget section */

/* Begin PBXProject section */
		6F72DAA41907102300047A88 /* Project object */ = {
			isa = PBXProject;
			attributes = {
				CLASSPREFIX = BS;
				LastUpgradeCheck = 0830;
				ORGANIZATIONNAME = "Apple, Inc.";
				TargetAttributes = {
					6F72DAAB1907102300047A88 = {
						CreatedOnToolsVersion = 8.0;
						LastSwiftMigration = 0830;
					};
				};
			};
			buildConfigurationList = 6F72DAA71907102300047A88 /* Build configuration list for PBXProject "BracketStripes" */;
			compatibilityVersion = "Xcode 3.2";
			developmentRegion = English;
			hasScannedForEncodings = 0;
			knownRegions = (
				en,
				Base,
			);
			mainGroup = 6F72DAA31907102300047A88;
			productRefGroup = 6F72DAAD1907102300047A88 /* Products */;
			projectDirPath = "";
			projectRoot = "";
			targets = (
				6F72DAAB1907102300047A88 /* BracketStripes */,
			);
		};
/* End PBXProject section */

/* Begin PBXResourcesBuildPhase section */
		6F72DAAA1907102300047A88 /* Resources */ = {
			isa = PBXResourcesBuildPhase;
			buildActionMask = 2147483647;
			files = (
				6F72DAB31907102300047A88 /* Localizable.strings in Resources */,
				6F72DABD1907102300047A88 /* Images.xcassets in Resources */,
				D7588B6D1F0BDEF100250C17 /* Launch Screen.storyboard in Resources */,
				6FE46E52191C4EDB004BCB45 /* Main.storyboard in Resources */,
			);
			runOnlyForDeploymentPostprocessing = 0;
		};
/* End PBXResourcesBuildPhase section */

/* Begin PBXSourcesBuildPhase section */
		6F72DAA81907102300047A88 /* Sources */ = {
			isa = PBXSourcesBuildPhase;
			buildActionMask = 2147483647;
			files = (
				D7588B611F0BD33400250C17 /* BracketStripesCameraViewController.swift in Sources */,
				D7588B5D1F0BD30A00250C17 /* BracketStripesCapturePreviewView.swift in Sources */,
				D7588B5A1F0BD2D100250C17 /* AppDelegate.swift in Sources */,
				D7588B661F0BD35A00250C17 /* Functions.swift in Sources */,
				D7588B621F0BD33400250C17 /* BracketStripesImageViewController.swift in Sources */,
				D7588B651F0BD35A00250C17 /* StripedImage.swift in Sources */,
				D7588B5E1F0BD30A00250C17 /* BracketStripesZoomImageView.swift in Sources */,
			);
			runOnlyForDeploymentPostprocessing = 0;
		};
/* End PBXSourcesBuildPhase section */

/* Begin PBXVariantGroup section */
		6F72DAB11907102300047A88 /* Localizable.strings */ = {
			isa = PBXVariantGroup;
			children = (
				6F72DAB21907102300047A88 /* en */,
			);
			name = Localizable.strings;
			sourceTree = "<group>";
		};
		6FE46E50191C4EDB004BCB45 /* Main.storyboard */ = {
			isa = PBXVariantGroup;
			children = (
				6FE46E53191C4EE3004BCB45 /* Base */,
				6FE46E58191C4F7A004BCB45 /* en */,
			);
			name = Main.storyboard;
			sourceTree = "<group>";
		};
		D7588B6B1F0BDEF100250C17 /* Launch Screen.storyboard */ = {
			isa = PBXVariantGroup;
			children = (
				D7588B6C1F0BDEF100250C17 /* Base */,
			);
			name = "Launch Screen.storyboard";
			sourceTree = "<group>";
		};
/* End PBXVariantGroup section */

/* Begin XCBuildConfiguration section */
		6F72DACD1907102300047A88 /* Debug */ = {
			isa = XCBuildConfiguration;
			buildSettings = {
				ALWAYS_SEARCH_USER_PATHS = NO;
				AXLE_ENABLE_DEBUG_INFO = YES;
				CLANG_CXX_LANGUAGE_STANDARD = "gnu++0x";
				CLANG_CXX_LIBRARY = "libc++";
				CLANG_ENABLE_MODULES = YES;
				CLANG_ENABLE_OBJC_ARC = YES;
				CLANG_WARN_ASSIGN_ENUM = YES;
				CLANG_WARN_BOOL_CONVERSION = YES;
				CLANG_WARN_CONSTANT_CONVERSION = YES;
				CLANG_WARN_DIRECT_OBJC_ISA_USAGE = YES_ERROR;
				CLANG_WARN_EMPTY_BODY = YES;
				CLANG_WARN_ENUM_CONVERSION = YES;
				CLANG_WARN_INFINITE_RECURSION = YES;
				CLANG_WARN_INT_CONVERSION = YES;
				CLANG_WARN_OBJC_ROOT_CLASS = YES_ERROR;
				CLANG_WARN_SUSPICIOUS_MOVE = YES;
				CLANG_WARN_UNREACHABLE_CODE = YES;
				CLANG_WARN__DUPLICATE_METHOD_MATCH = YES;
				"CODE_SIGN_IDENTITY[sdk=iphoneos*]" = "iPhone Developer";
				COPY_PHASE_STRIP = NO;
				ENABLE_STRICT_OBJC_MSGSEND = YES;
				ENABLE_TESTABILITY = YES;
				GCC_C_LANGUAGE_STANDARD = gnu99;
				GCC_DYNAMIC_NO_PIC = NO;
				GCC_NO_COMMON_BLOCKS = YES;
				GCC_OPTIMIZATION_LEVEL = 0;
				GCC_PREPROCESSOR_DEFINITIONS = (
					"DEBUG=1",
					"$(inherited)",
				);
				GCC_SYMBOLS_PRIVATE_EXTERN = NO;
				GCC_WARN_64_TO_32_BIT_CONVERSION = YES;
				GCC_WARN_ABOUT_RETURN_TYPE = YES_ERROR;
				GCC_WARN_UNDECLARED_SELECTOR = YES;
				GCC_WARN_UNINITIALIZED_AUTOS = YES_AGGRESSIVE;
				GCC_WARN_UNUSED_FUNCTION = YES;
				GCC_WARN_UNUSED_VARIABLE = YES;
				IPHONEOS_DEPLOYMENT_TARGET = 8.0;
				ONLY_ACTIVE_ARCH = YES;
				SDKROOT = iphoneos.internal;
			};
			name = Debug;
		};
		6F72DACE1907102300047A88 /* Release */ = {
			isa = XCBuildConfiguration;
			buildSettings = {
				ALWAYS_SEARCH_USER_PATHS = NO;
				AXLE_ENABLE_DEBUG_INFO = NO;
				CLANG_CXX_LANGUAGE_STANDARD = "gnu++0x";
				CLANG_CXX_LIBRARY = "libc++";
				CLANG_ENABLE_MODULES = YES;
				CLANG_ENABLE_OBJC_ARC = YES;
				CLANG_WARN_ASSIGN_ENUM = YES;
				CLANG_WARN_BOOL_CONVERSION = YES;
				CLANG_WARN_CONSTANT_CONVERSION = YES;
				CLANG_WARN_DIRECT_OBJC_ISA_USAGE = YES_ERROR;
				CLANG_WARN_EMPTY_BODY = YES;
				CLANG_WARN_ENUM_CONVERSION = YES;
				CLANG_WARN_INFINITE_RECURSION = YES;
				CLANG_WARN_INT_CONVERSION = YES;
				CLANG_WARN_OBJC_ROOT_CLASS = YES_ERROR;
				CLANG_WARN_SUSPICIOUS_MOVE = YES;
				CLANG_WARN_UNREACHABLE_CODE = YES;
				CLANG_WARN__DUPLICATE_METHOD_MATCH = YES;
				"CODE_SIGN_IDENTITY[sdk=iphoneos*]" = "iPhone Developer";
				COPY_PHASE_STRIP = YES;
				ENABLE_NS_ASSERTIONS = NO;
				ENABLE_STRICT_OBJC_MSGSEND = YES;
				GCC_C_LANGUAGE_STANDARD = gnu99;
				GCC_NO_COMMON_BLOCKS = YES;
				GCC_WARN_64_TO_32_BIT_CONVERSION = YES;
				GCC_WARN_ABOUT_RETURN_TYPE = YES_ERROR;
				GCC_WARN_UNDECLARED_SELECTOR = YES;
				GCC_WARN_UNINITIALIZED_AUTOS = YES_AGGRESSIVE;
				GCC_WARN_UNUSED_FUNCTION = YES;
				GCC_WARN_UNUSED_VARIABLE = YES;
				IPHONEOS_DEPLOYMENT_TARGET = 8.0;
				SDKROOT = iphoneos.internal;
				SWIFT_OPTIMIZATION_LEVEL = "-Owholemodule";
				VALIDATE_PRODUCT = YES;
			};
			name = Release;
		};
		6F72DAD01907102300047A88 /* Debug */ = {
			isa = XCBuildConfiguration;
			buildSettings = {
				ALWAYS_SEARCH_USER_PATHS = YES;
				ASSETCATALOG_COMPILER_APPICON_NAME = AppIcon;
				ASSETCATALOG_COMPILER_LAUNCHIMAGE_NAME = LaunchImage;
				CLANG_ENABLE_MODULES = YES;
				CODE_SIGN_IDENTITY = "iPhone Developer";
				"CODE_SIGN_IDENTITY[sdk=iphoneos*]" = "iPhone Developer";
				DEVELOPMENT_TEAM = "";
				FRAMEWORK_SEARCH_PATHS = "";
				"FRAMEWORK_SEARCH_PATHS[sdk=iphoneos*]" = (
					"\"$(SDK_DIR)/System/Library/PrivateFrameworks/\"",
					"$(inherited)",
				);
				GCC_PRECOMPILE_PREFIX_HEADER = YES;
				GCC_PREFIX_HEADER = "BracketStripes/BracketStripes-Prefix.pch";
				HEADER_SEARCH_PATHS = "$(inherited)";
				INFOPLIST_FILE = "BracketStripes/BracketStripes-Info.plist";
				IPHONEOS_DEPLOYMENT_TARGET = 8.0;
				LD_RUNPATH_SEARCH_PATHS = "$(inherited) @executable_path/Frameworks";
				PRODUCT_BUNDLE_IDENTIFIER = "com.example.apple-samplecode.${PRODUCT_NAME:rfc1034identifier}";
				PRODUCT_NAME = BracketStripes;
				SDKROOT = iphoneos;
				SWIFT_OPTIMIZATION_LEVEL = "-Onone";
				SWIFT_VERSION = 3.0;
				TARGETED_DEVICE_FAMILY = 1;
				VALIDATE_PRODUCT = NO;
			};
			name = Debug;
		};
		6F72DAD11907102300047A88 /* Release */ = {
			isa = XCBuildConfiguration;
			buildSettings = {
				ALWAYS_SEARCH_USER_PATHS = YES;
				ASSETCATALOG_COMPILER_APPICON_NAME = AppIcon;
				ASSETCATALOG_COMPILER_LAUNCHIMAGE_NAME = LaunchImage;
				CLANG_ENABLE_MODULES = YES;
				CODE_SIGN_IDENTITY = "iPhone Developer";
				"CODE_SIGN_IDENTITY[sdk=iphoneos*]" = "iPhone Developer";
				DEVELOPMENT_TEAM = "";
				FRAMEWORK_SEARCH_PATHS = "";
				GCC_PRECOMPILE_PREFIX_HEADER = YES;
				GCC_PREFIX_HEADER = "BracketStripes/BracketStripes-Prefix.pch";
				HEADER_SEARCH_PATHS = "$(inherited)";
				INFOPLIST_FILE = "BracketStripes/BracketStripes-Info.plist";
				IPHONEOS_DEPLOYMENT_TARGET = 8.0;
				LD_RUNPATH_SEARCH_PATHS = "$(inherited) @executable_path/Frameworks";
				PRODUCT_BUNDLE_IDENTIFIER = "com.example.apple-samplecode.${PRODUCT_NAME:rfc1034identifier}";
				PRODUCT_NAME = BracketStripes;
				SDKROOT = iphoneos;
				SWIFT_VERSION = 3.0;
				TARGETED_DEVICE_FAMILY = 1;
				VALIDATE_PRODUCT = NO;
			};
			name = Release;
		};
/* End XCBuildConfiguration section */

/* Begin XCConfigurationList section */
		6F72DAA71907102300047A88 /* Build configuration list for PBXProject "BracketStripes" */ = {
			isa = XCConfigurationList;
			buildConfigurations = (
				6F72DACD1907102300047A88 /* Debug */,
				6F72DACE1907102300047A88 /* Release */,
			);
			defaultConfigurationIsVisible = 0;
			defaultConfigurationName = Release;
		};
		6F72DACF1907102300047A88 /* Build configuration list for PBXNativeTarget "BracketStripes" */ = {
			isa = XCConfigurationList;
			buildConfigurations = (
				6F72DAD01907102300047A88 /* Debug */,
				6F72DAD11907102300047A88 /* Release */,
			);
			defaultConfigurationIsVisible = 0;
			defaultConfigurationName = Release;
		};
/* End XCConfigurationList section */
	};
	rootObject = 6F72DAA41907102300047A88 /* Project object */;
}
